
Microsoft Visual Studio Solution File, Format Version 12.00
# Visual Studio 15
VisualStudioVersion = 15.0.28307.489
MinimumVisualStudioVersion = 10.0.40219.1
Project("{FAE04EC0-301F-11D3-BF4B-00C04F79EFBC}") = "Inheritance", "Assocation\Inheritance.csproj", "{FF88C481-7A7D-48F7-B442-F626A1426EC9}"
EndProject
Global
	GlobalSection(SolutionConfigurationPlatforms) = preSolution
		Debug|Any CPU = Debug|Any CPU
		Release|Any CPU = Release|Any CPU
	EndGlobalSection
	GlobalSection(ProjectConfigurationPlatforms) = postSolution
		{FF88C481-7A7D-48F7-B442-F626A1426EC9}.Debug|Any CPU.ActiveCfg = Debug|Any CPU
		{FF88C481-7A7D-48F7-B442-F626A1426EC9}.Debug|Any CPU.Build.0 = Debug|Any CPU
		{FF88C481-7A7D-48F7-B442-F626A1426EC9}.Release|Any CPU.ActiveCfg = Release|Any CPU
		{FF88C481-7A7D-48F7-B442-F626A1426EC9}.Release|Any CPU.Build.0 = Release|Any CPU
	EndGlobalSection
	GlobalSection(SolutionProperties) = preSolution
		HideSolutionNode = FALSE
	EndGlobalSection
	GlobalSection(ExtensibilityGlobals) = postSolution
		SolutionGuid = {80D5DE45-03F6-421D-97B1-B6B2715EF95D}
	EndGlobalSection
EndGlobal
